
Microsoft Visual Studio Solution File, Format Version 12.00
# Visual Studio Version 17
VisualStudioVersion = 17.1.32228.430
MinimumVisualStudioVersion = 10.0.40219.1
Project("{FAE04EC0-301F-11D3-BF4B-00C04F79EFBC}") = "1911065535_LuuThanhHau_BigSchool", "1911065535_LuuThanhHau_BigSchool\1911065535_LuuThanhHau_BigSchool.csproj", "{33E82FEC-6F5D-4CCD-A5DC-04251BD37990}"
EndProject
Global
	GlobalSection(SolutionConfigurationPlatforms) = preSolution
		Debug|Any CPU = Debug|Any CPU
		Release|Any CPU = Release|Any CPU
	EndGlobalSection
	GlobalSection(ProjectConfigurationPlatforms) = postSolution
		{33E82FEC-6F5D-4CCD-A5DC-04251BD37990}.Debug|Any CPU.ActiveCfg = Debug|Any CPU
		{33E82FEC-6F5D-4CCD-A5DC-04251BD37990}.Debug|Any CPU.Build.0 = Debug|Any CPU
		{33E82FEC-6F5D-4CCD-A5DC-04251BD37990}.Release|Any CPU.ActiveCfg = Release|Any CPU
		{33E82FEC-6F5D-4CCD-A5DC-04251BD37990}.Release|Any CPU.Build.0 = Release|Any CPU
	EndGlobalSection
	GlobalSection(SolutionProperties) = preSolution
		HideSolutionNode = FALSE
	EndGlobalSection
	GlobalSection(ExtensibilityGlobals) = postSolution
		SolutionGuid = {15F56B4F-795C-4DC2-ACD7-6846A1F3D9DE}
	EndGlobalSection
EndGlobal
